
Microsoft Visual Studio Solution File, Format Version 12.00
# Visual Studio Version 16
VisualStudioVersion = 16.0.30621.155
MinimumVisualStudioVersion = 10.0.40219.1
Project("{FAE04EC0-301F-11D3-BF4B-00C04F79EFBC}") = "antonio.zarrilli.zoo", "antonio.zarrilli.zoo\antonio.zarrilli.zoo.csproj", "{9505F6CD-B55D-4716-BECB-0631698F15A1}"
EndProject
Project("{2150E333-8FDC-42A3-9474-1A3956D46DE8}") = "Solution Items", "Solution Items", "{EA6CA68E-CAC0-4E7A-88A6-7817CAE66E33}"
	ProjectSection(SolutionItems) = preProject
		Zoo.cs = Zoo.cs
	EndProjectSection
EndProject
Global
	GlobalSection(SolutionConfigurationPlatforms) = preSolution
		Debug|Any CPU = Debug|Any CPU
		Release|Any CPU = Release|Any CPU
	EndGlobalSection
	GlobalSection(ProjectConfigurationPlatforms) = postSolution
		{9505F6CD-B55D-4716-BECB-0631698F15A1}.Debug|Any CPU.ActiveCfg = Debug|Any CPU
		{9505F6CD-B55D-4716-BECB-0631698F15A1}.Debug|Any CPU.Build.0 = Debug|Any CPU
		{9505F6CD-B55D-4716-BECB-0631698F15A1}.Release|Any CPU.ActiveCfg = Release|Any CPU
		{9505F6CD-B55D-4716-BECB-0631698F15A1}.Release|Any CPU.Build.0 = Release|Any CPU
	EndGlobalSection
	GlobalSection(SolutionProperties) = preSolution
		HideSolutionNode = FALSE
	EndGlobalSection
	GlobalSection(ExtensibilityGlobals) = postSolution
		SolutionGuid = {E230188E-DB84-4D56-880B-A47B9E7B363B}
	EndGlobalSection
EndGlobal
